<?xml version="1.0" encoding="utf-8"?>
<Project ToolsVersion="4.0" xmlns="http://schemas.microsoft.com/developer/msbuild/2003">
  <ItemGroup>
    <Filter Include="ソース ファイル">
      <UniqueIdentifier>{4FC737F1-C7A5-4376-A066-2A32D752A2FF}</UniqueIdentifier>
      <Extensions>cpp;c;cc;cxx;c++;cppm;ixx;def;odl;idl;hpj;bat;asm;asmx</Extensions>
    </Filter>
    <Filter Include="ヘッダー ファイル">
      <UniqueIdentifier>{93995380-89BD-4b04-88EB-625FBE52EBFB}</UniqueIdentifier>
      <Extensions>h;hh;hpp;hxx;h++;hm;inl;inc;ipp;xsd</Extensions>
    </Filter>
    <Filter Include="リソース ファイル">
      <UniqueIdentifier>{67DA6AB6-F800-4c08-8B7A-83BB121AAD01}</UniqueIdentifier>
      <Extensions>rc;ico;cur;bmp;dlg;rc2;rct;bin;rgs;gif;jpg;jpeg;jpe;resx;tiff;tif;png;wav;mfcribbon-ms</Extensions>
    </Filter>
    <Filter Include="ソース ファイル\シーン">
      <UniqueIdentifier>{793aec4e-494c-4874-8a71-3c3e8d4b99e2}</UniqueIdentifier>
    </Filter>
    <Filter Include="ヘッダー ファイル\シーン">
      <UniqueIdentifier>{5f7db13e-268a-4501-b34d-689582d1768d}</UniqueIdentifier>
    </Filter>
    <Filter Include="ソース ファイル\データリスト">
      <UniqueIdentifier>{9ca8048b-1a6e-4789-b71e-d8ff4dd2f3ba}</UniqueIdentifier>
    </Filter>
    <Filter Include="ヘッダー ファイル\データリスト">
      <UniqueIdentifier>{25931879-4600-4e59-a192-28e8117c6994}</UniqueIdentifier>
    </Filter>
    <Filter Include="ヘッダー ファイル\定義">
      <UniqueIdentifier>{cef91479-a514-4f8a-8aa5-35ea10ddd82e}</UniqueIdentifier>
    </Filter>
    <Filter Include="ソース ファイル\定義">
      <UniqueIdentifier>{8fdf0a69-3949-41b0-8a8b-1a7ec2983df0}</UniqueIdentifier>
    </Filter>
    <Filter Include="ソース ファイル\シーン\ロード画面">
      <UniqueIdentifier>{fc95a68f-389a-47fe-9168-32a07ff34724}</UniqueIdentifier>
    </Filter>
    <Filter Include="ヘッダー ファイル\シーン\ロード画面">
      <UniqueIdentifier>{b0cea324-cfa1-477a-85f9-53ababbea649}</UniqueIdentifier>
    </Filter>
    <Filter Include="ソース ファイル\シーン\タイトル画面">
      <UniqueIdentifier>{ce8543a2-985c-4bf5-8815-615971a7ff14}</UniqueIdentifier>
    </Filter>
    <Filter Include="ヘッダー ファイル\シーン\タイトル画面">
      <UniqueIdentifier>{97123717-88c3-4e65-bfb8-5aef8d0dc324}</UniqueIdentifier>
    </Filter>
    <Filter Include="ソース ファイル\シーン\ビルド設定画面">
      <UniqueIdentifier>{bb9739ed-0556-46c1-b165-64d0bb3a7618}</UniqueIdentifier>
    </Filter>
    <Filter Include="ヘッダー ファイル\シーン\ビルド設定画面">
      <UniqueIdentifier>{c58ace87-40fd-4264-afd3-a7d76426ba41}</UniqueIdentifier>
    </Filter>
    <Filter Include="ヘッダー ファイル\データリスト\画像データ管理">
      <UniqueIdentifier>{198df300-d521-4654-905f-e6f02d1f32b4}</UniqueIdentifier>
    </Filter>
    <Filter Include="ソース ファイル\データリスト\画像データ管理">
      <UniqueIdentifier>{696c48ed-e4a4-4520-9f0a-fcd2215da09e}</UniqueIdentifier>
    </Filter>
    <Filter Include="ヘッダー ファイル\データリスト\フォントデータ管理">
      <UniqueIdentifier>{1e4a59e5-ac34-490b-8342-9efa0671dae3}</UniqueIdentifier>
    </Filter>
    <Filter Include="ソース ファイル\データリスト\フォントデータ管理">
      <UniqueIdentifier>{d561c7ab-5a30-4aa1-9a3b-96e1d8adee59}</UniqueIdentifier>
    </Filter>
    <Filter Include="ヘッダー ファイル\シーン\汎用UI">
      <UniqueIdentifier>{eb53c335-cab8-4d54-bae8-4935e66b401d}</UniqueIdentifier>
    </Filter>
    <Filter Include="ソース ファイル\シーン\汎用UI">
      <UniqueIdentifier>{a70e388a-86b1-4e94-8020-4994aa610377}</UniqueIdentifier>
    </Filter>
    <Filter Include="ソース ファイル\シーン\汎用UI\ボタン">
      <UniqueIdentifier>{8a4beb1f-9fb3-473b-b0d5-41426e504771}</UniqueIdentifier>
    </Filter>
    <Filter Include="ヘッダー ファイル\シーン\汎用UI\ボタン">
      <UniqueIdentifier>{095df6c8-90d0-4f5d-a8ae-7249565f259e}</UniqueIdentifier>
    </Filter>
    <Filter Include="ソース ファイル\シーン\バトル画面">
      <UniqueIdentifier>{78727398-a4ea-4464-a9b4-42cb5a9de745}</UniqueIdentifier>
    </Filter>
    <Filter Include="ヘッダー ファイル\シーン\バトル画面">
      <UniqueIdentifier>{a2975fa9-12d8-4199-b216-fe73069b83aa}</UniqueIdentifier>
    </Filter>
    <Filter Include="ソース ファイル\カード">
      <UniqueIdentifier>{bb39d4a7-7ffb-494d-af54-ee575986ca1f}</UniqueIdentifier>
    </Filter>
    <Filter Include="ヘッダー ファイル\カード">
      <UniqueIdentifier>{0e4c181f-c3f1-440f-b685-013d2a4aef90}</UniqueIdentifier>
    </Filter>
    <Filter Include="ヘッダー ファイル\データリスト\バトル用データ管理">
      <UniqueIdentifier>{99e80c55-b415-4b75-8fbf-111c6534c003}</UniqueIdentifier>
    </Filter>
    <Filter Include="ソース ファイル\データリスト\バトル用データ管理">
      <UniqueIdentifier>{8e282d7a-820d-4fab-bc01-ebce8391caa6}</UniqueIdentifier>
    </Filter>
    <Filter Include="ヘッダー ファイル\カード\道具%28Item%29">
      <UniqueIdentifier>{bad0763d-7f6e-4617-9dfe-b439306fcfb4}</UniqueIdentifier>
    </Filter>
    <Filter Include="ヘッダー ファイル\カード\魔法%28Spell%29">
      <UniqueIdentifier>{4129747f-8cd5-4956-8f51-a34e593b0c9e}</UniqueIdentifier>
    </Filter>
    <Filter Include="ヘッダー ファイル\カード\武具%28Arms%29">
      <UniqueIdentifier>{89a006e9-3f71-4daf-9777-3b61bc34f9d2}</UniqueIdentifier>
    </Filter>
    <Filter Include="ソース ファイル\カード\武具%28Arms%29">
      <UniqueIdentifier>{da5b1bdc-cabc-44c7-ada6-52600dd36758}</UniqueIdentifier>
    </Filter>
    <Filter Include="ソース ファイル\カード\魔法%28Spell%29">
      <UniqueIdentifier>{4f8303a9-4a05-4e99-af61-332410ae2873}</UniqueIdentifier>
    </Filter>
    <Filter Include="ソース ファイル\カード\道具%28Item%29">
      <UniqueIdentifier>{33034441-53c0-4b2e-bb5b-634ff386c5b8}</UniqueIdentifier>
    </Filter>
    <Filter Include="ソース ファイル\キャラクター">
      <UniqueIdentifier>{939d57b7-5f0b-4dd2-b7a8-e3e4fba8e696}</UniqueIdentifier>
    </Filter>
    <Filter Include="ヘッダー ファイル\キャラクター">
      <UniqueIdentifier>{ed156994-c75c-47cc-ba4b-f11990b0dbf0}</UniqueIdentifier>
    </Filter>
    <Filter Include="ヘッダー ファイル\キャラクター\プレイヤー">
      <UniqueIdentifier>{2800a329-3a1a-4f3d-9731-7b18d6828747}</UniqueIdentifier>
    </Filter>
    <Filter Include="ソース ファイル\キャラクター\プレイヤー">
      <UniqueIdentifier>{21444775-1515-4493-b63d-7778c3031af5}</UniqueIdentifier>
    </Filter>
    <Filter Include="ソース ファイル\キャラクター\NPC">
      <UniqueIdentifier>{85d6e819-61c9-4845-b4bc-f967cabb79bb}</UniqueIdentifier>
    </Filter>
    <Filter Include="ヘッダー ファイル\キャラクター\NPC">
      <UniqueIdentifier>{bd054bd2-f4a0-4846-913f-2596546d61d2}</UniqueIdentifier>
    </Filter>
    <Filter Include="ヘッダー ファイル\カード\武具%28Arms%29\木の剣">
      <UniqueIdentifier>{a20f63c9-eba8-4373-b230-b607030356e0}</UniqueIdentifier>
    </Filter>
    <Filter Include="ソース ファイル\カード\武具%28Arms%29\木の剣">
      <UniqueIdentifier>{45855fae-1417-4afe-942f-aa3319605aab}</UniqueIdentifier>
    </Filter>
    <Filter Include="ソース ファイル\カード\武具%28Arms%29\木の盾">
      <UniqueIdentifier>{10684a3a-95f1-4659-8eba-d6a0bd60aa36}</UniqueIdentifier>
    </Filter>
    <Filter Include="ヘッダー ファイル\カード\武具%28Arms%29\木の盾">
      <UniqueIdentifier>{28357b41-4f13-4d35-8c1b-25f66ad04487}</UniqueIdentifier>
    </Filter>
    <Filter Include="ソース ファイル\カード\道具%28Item%29\回復のポーション">
      <UniqueIdentifier>{605f9ead-f7c7-426c-ad73-947c0b1e3319}</UniqueIdentifier>
    </Filter>
    <Filter Include="ヘッダー ファイル\カード\道具%28Item%29\回復のポーション">
      <UniqueIdentifier>{c31b3c68-3bc0-4896-9368-a2abbdab0927}</UniqueIdentifier>
    </Filter>
    <Filter Include="ヘッダー ファイル\カード\魔法%28Spell%29\武具強化">
      <UniqueIdentifier>{aa705eb6-61f2-4890-af99-443f4d974103}</UniqueIdentifier>
    </Filter>
    <Filter Include="ソース ファイル\カード\魔法%28Spell%29\武具強化">
      <UniqueIdentifier>{8751139a-183c-4ea5-b2dd-61855a39233d}</UniqueIdentifier>
    </Filter>
    <Filter Include="ヘッダー ファイル\行動内容">
      <UniqueIdentifier>{b8ccef21-d3a2-469f-bb9d-c7901eb36d8f}</UniqueIdentifier>
    </Filter>
    <Filter Include="ソース ファイル\行動内容">
      <UniqueIdentifier>{ae3931cd-25ad-44c2-913c-3ca096e67a0d}</UniqueIdentifier>
    </Filter>
    <Filter Include="ヘッダー ファイル\シーン\パーティクル%28文字%29">
      <UniqueIdentifier>{e2410b03-7155-449f-8edf-0d6e3ff98604}</UniqueIdentifier>
    </Filter>
    <Filter Include="ソース ファイル\シーン\パーティクル%28文字%29">
      <UniqueIdentifier>{0cbc5560-0153-48f3-944d-0bbc1958ef20}</UniqueIdentifier>
    </Filter>
  </ItemGroup>
  <ItemGroup>
    <ClCompile Include="source\Main.cpp">
      <Filter>ソース ファイル</Filter>
    </ClCompile>
    <ClCompile Include="source\Scene_Load_Checker.cpp">
      <Filter>ソース ファイル\シーン\ロード画面</Filter>
    </ClCompile>
    <ClCompile Include="source\Scene_Title.cpp">
      <Filter>ソース ファイル\シーン\タイトル画面</Filter>
    </ClCompile>
    <ClCompile Include="source\Scene_Build.cpp">
      <Filter>ソース ファイル\シーン\ビルド設定画面</Filter>
    </ClCompile>
    <ClCompile Include="source\Scene_Load_Draw.cpp">
      <Filter>ソース ファイル\シーン\ロード画面</Filter>
    </ClCompile>
    <ClCompile Include="source\FunctionDefine.cpp">
      <Filter>ソース ファイル\定義</Filter>
    </ClCompile>
    <ClCompile Include="source\DataList_Image.cpp">
      <Filter>ソース ファイル\データリスト\画像データ管理</Filter>
    </ClCompile>
    <ClCompile Include="source\DataList_Font.cpp">
      <Filter>ソース ファイル\データリスト\フォントデータ管理</Filter>
    </ClCompile>
    <ClCompile Include="source\VariableDefine.cpp">
      <Filter>ソース ファイル\定義</Filter>
    </ClCompile>
    <ClCompile Include="source\Scene_UI_Button.cpp">
      <Filter>ソース ファイル\シーン\汎用UI\ボタン</Filter>
    </ClCompile>
    <ClCompile Include="source\Scene_Buttle.cpp">
      <Filter>ソース ファイル\シーン\バトル画面</Filter>
    </ClCompile>
    <ClCompile Include="source\Card_Base.cpp">
      <Filter>ソース ファイル\カード</Filter>
    </ClCompile>
    <ClCompile Include="source\DataList_Battle.cpp">
      <Filter>ソース ファイル\データリスト\バトル用データ管理</Filter>
    </ClCompile>
    <ClCompile Include="source\Scene_Buttle_Update.cpp">
      <Filter>ソース ファイル\シーン\バトル画面</Filter>
    </ClCompile>
    <ClCompile Include="source\Scene_Buttle_Draw.cpp">
      <Filter>ソース ファイル\シーン\バトル画面</Filter>
    </ClCompile>
    <ClCompile Include="source\Card_Arms_Base.cpp">
      <Filter>ソース ファイル\カード\武具%28Arms%29</Filter>
    </ClCompile>
    <ClCompile Include="source\Card_Spell_Base.cpp">
      <Filter>ソース ファイル\カード\魔法%28Spell%29</Filter>
    </ClCompile>
    <ClCompile Include="source\Card_Item_Base.cpp">
      <Filter>ソース ファイル\カード\道具%28Item%29</Filter>
    </ClCompile>
    <ClCompile Include="source\Character_Base.cpp">
      <Filter>ソース ファイル\キャラクター</Filter>
    </ClCompile>
    <ClCompile Include="source\Character_Player.cpp">
      <Filter>ソース ファイル\キャラクター\プレイヤー</Filter>
    </ClCompile>
    <ClCompile Include="source\Character_Npc_Test.cpp">
      <Filter>ソース ファイル\キャラクター\NPC</Filter>
    </ClCompile>
    <ClCompile Include="source\Card_Arms_WoodenSword.cpp">
      <Filter>ソース ファイル\カード\武具%28Arms%29\木の剣</Filter>
    </ClCompile>
    <ClCompile Include="source\Card_Arms_WoodenShield.cpp">
      <Filter>ソース ファイル\カード\武具%28Arms%29\木の盾</Filter>
    </ClCompile>
    <ClCompile Include="source\Card_Item_HealingPotion.cpp">
      <Filter>ソース ファイル\カード\道具%28Item%29\回復のポーション</Filter>
    </ClCompile>
    <ClCompile Include="source\Card_Spell_ArmsEnhancement.cpp">
      <Filter>ソース ファイル\カード\魔法%28Spell%29\武具強化</Filter>
    </ClCompile>
    <ClCompile Include="source\Action_Effect.cpp">
      <Filter>ソース ファイル\行動内容</Filter>
    </ClCompile>
    <ClCompile Include="source\Scene_Particles_Text.cpp">
      <Filter>ソース ファイル\シーン\パーティクル%28文字%29</Filter>
    </ClCompile>
  </ItemGroup>
  <ItemGroup>
    <ClInclude Include="source\Scene_Load_Checker.h">
      <Filter>ヘッダー ファイル\シーン\ロード画面</Filter>
    </ClInclude>
    <ClInclude Include="source\Scene_Title.h">
      <Filter>ヘッダー ファイル\シーン\タイトル画面</Filter>
    </ClInclude>
    <ClInclude Include="source\Scene_Build.h">
      <Filter>ヘッダー ファイル\シーン\ビルド設定画面</Filter>
    </ClInclude>
    <ClInclude Include="source\Scene_Load_Draw.h">
      <Filter>ヘッダー ファイル\シーン\ロード画面</Filter>
    </ClInclude>
    <ClInclude Include="source\FunctionDefine.h">
      <Filter>ヘッダー ファイル\定義</Filter>
    </ClInclude>
    <ClInclude Include="source\DataList_Image.h">
      <Filter>ヘッダー ファイル\データリスト\画像データ管理</Filter>
    </ClInclude>
    <ClInclude Include="source\DataList_Font.h">
      <Filter>ヘッダー ファイル\データリスト\フォントデータ管理</Filter>
    </ClInclude>
    <ClInclude Include="source\VariableDefine.h">
      <Filter>ヘッダー ファイル\定義</Filter>
    </ClInclude>
    <ClInclude Include="source\Scene_UI_Button.h">
      <Filter>ヘッダー ファイル\シーン\汎用UI\ボタン</Filter>
    </ClInclude>
    <ClInclude Include="source\Scene_Battle.h">
      <Filter>ヘッダー ファイル\シーン\バトル画面</Filter>
    </ClInclude>
    <ClInclude Include="source\Card_Base.h">
      <Filter>ヘッダー ファイル\カード</Filter>
    </ClInclude>
    <ClInclude Include="source\DataList_Battle.h">
      <Filter>ヘッダー ファイル\データリスト\バトル用データ管理</Filter>
    </ClInclude>
    <ClInclude Include="source\Card_Arms_Base.h">
      <Filter>ヘッダー ファイル\カード\武具%28Arms%29</Filter>
    </ClInclude>
    <ClInclude Include="source\Card_Spell_Base.h">
      <Filter>ヘッダー ファイル\カード\魔法%28Spell%29</Filter>
    </ClInclude>
    <ClInclude Include="source\Card_Item_Base.h">
      <Filter>ヘッダー ファイル\カード\道具%28Item%29</Filter>
    </ClInclude>
    <ClInclude Include="source\Character_Base.h">
      <Filter>ヘッダー ファイル\キャラクター</Filter>
    </ClInclude>
    <ClInclude Include="source\Character_Player.h">
      <Filter>ヘッダー ファイル\キャラクター\プレイヤー</Filter>
    </ClInclude>
    <ClInclude Include="source\Character_Npc_Test.h">
      <Filter>ヘッダー ファイル\キャラクター\NPC</Filter>
    </ClInclude>
    <ClInclude Include="source\Card_Arms_WoodenSword.h">
      <Filter>ヘッダー ファイル\カード\武具%28Arms%29\木の剣</Filter>
    </ClInclude>
    <ClInclude Include="source\Card_Arms_WoodenShield.h">
      <Filter>ヘッダー ファイル\カード\武具%28Arms%29\木の盾</Filter>
    </ClInclude>
    <ClInclude Include="source\Card_Item_HealingPotion.h">
      <Filter>ヘッダー ファイル\カード\道具%28Item%29\回復のポーション</Filter>
    </ClInclude>
    <ClInclude Include="source\Card_Spell_ArmsEnhancement.h">
      <Filter>ヘッダー ファイル\カード\魔法%28Spell%29\武具強化</Filter>
    </ClInclude>
    <ClInclude Include="source\Action_Effect.h">
      <Filter>ヘッダー ファイル\行動内容</Filter>
    </ClInclude>
    <ClInclude Include="source\Scene_Particles_Text.h">
      <Filter>ヘッダー ファイル\シーン\パーティクル%28文字%29</Filter>
    </ClInclude>
  </ItemGroup>
</Project>